
Microsoft Visual Studio Solution File, Format Version 12.00
# Visual Studio Version 17
VisualStudioVersion = 17.8.34525.116
MinimumVisualStudioVersion = 10.0.40219.1
Project("{8BC9CEB8-8B4A-11D0-8D11-00A0C91BC942}") = "AssaultCubeInternal", "AssaultCubeInternal\AssaultCubeInternal.vcxproj", "{6801CF28-A076-467B-9AAB-AFF7AF128277}"
EndProject
Project("{9092AA53-FB77-4645-B42D-1CCCA6BD08BD}") = "React", "React\React.njsproj", "{EF61CD54-4C67-425D-81B5-D2005F95CEEB}"
EndProject
Project("{9092AA53-FB77-4645-B42D-1CCCA6BD08BD}") = "ExpressServer", "ExpressServer\ExpressServer.njsproj", "{615ABA4B-EF7F-4ED1-AD34-F0F6CF66E9E5}"
EndProject
Global
	GlobalSection(SolutionConfigurationPlatforms) = preSolution
		Debug|Any CPU = Debug|Any CPU
		Debug|x64 = Debug|x64
		Debug|x86 = Debug|x86
		Release|Any CPU = Release|Any CPU
		Release|x64 = Release|x64
		Release|x86 = Release|x86
	EndGlobalSection
	GlobalSection(ProjectConfigurationPlatforms) = postSolution
		{6801CF28-A076-467B-9AAB-AFF7AF128277}.Debug|Any CPU.ActiveCfg = Debug|x64
		{6801CF28-A076-467B-9AAB-AFF7AF128277}.Debug|Any CPU.Build.0 = Debug|x64
		{6801CF28-A076-467B-9AAB-AFF7AF128277}.Debug|x64.ActiveCfg = Debug|x64
		{6801CF28-A076-467B-9AAB-AFF7AF128277}.Debug|x64.Build.0 = Debug|x64
		{6801CF28-A076-467B-9AAB-AFF7AF128277}.Debug|x86.ActiveCfg = Debug|Win32
		{6801CF28-A076-467B-9AAB-AFF7AF128277}.Debug|x86.Build.0 = Debug|Win32
		{6801CF28-A076-467B-9AAB-AFF7AF128277}.Release|Any CPU.ActiveCfg = Release|x64
		{6801CF28-A076-467B-9AAB-AFF7AF128277}.Release|Any CPU.Build.0 = Release|x64
		{6801CF28-A076-467B-9AAB-AFF7AF128277}.Release|x64.ActiveCfg = Release|x64
		{6801CF28-A076-467B-9AAB-AFF7AF128277}.Release|x64.Build.0 = Release|x64
		{6801CF28-A076-467B-9AAB-AFF7AF128277}.Release|x86.ActiveCfg = Release|Win32
		{6801CF28-A076-467B-9AAB-AFF7AF128277}.Release|x86.Build.0 = Release|Win32
		{EF61CD54-4C67-425D-81B5-D2005F95CEEB}.Debug|Any CPU.ActiveCfg = Debug|Any CPU
		{EF61CD54-4C67-425D-81B5-D2005F95CEEB}.Debug|Any CPU.Build.0 = Debug|Any CPU
		{EF61CD54-4C67-425D-81B5-D2005F95CEEB}.Debug|x64.ActiveCfg = Debug|Any CPU
		{EF61CD54-4C67-425D-81B5-D2005F95CEEB}.Debug|x64.Build.0 = Debug|Any CPU
		{EF61CD54-4C67-425D-81B5-D2005F95CEEB}.Debug|x86.ActiveCfg = Debug|Any CPU
		{EF61CD54-4C67-425D-81B5-D2005F95CEEB}.Debug|x86.Build.0 = Debug|Any CPU
		{EF61CD54-4C67-425D-81B5-D2005F95CEEB}.Release|Any CPU.ActiveCfg = Release|Any CPU
		{EF61CD54-4C67-425D-81B5-D2005F95CEEB}.Release|Any CPU.Build.0 = Release|Any CPU
		{EF61CD54-4C67-425D-81B5-D2005F95CEEB}.Release|x64.ActiveCfg = Release|Any CPU
		{EF61CD54-4C67-425D-81B5-D2005F95CEEB}.Release|x64.Build.0 = Release|Any CPU
		{EF61CD54-4C67-425D-81B5-D2005F95CEEB}.Release|x86.ActiveCfg = Release|Any CPU
		{EF61CD54-4C67-425D-81B5-D2005F95CEEB}.Release|x86.Build.0 = Release|Any CPU
		{615ABA4B-EF7F-4ED1-AD34-F0F6CF66E9E5}.Debug|Any CPU.ActiveCfg = Debug|Any CPU
		{615ABA4B-EF7F-4ED1-AD34-F0F6CF66E9E5}.Debug|Any CPU.Build.0 = Debug|Any CPU
		{615ABA4B-EF7F-4ED1-AD34-F0F6CF66E9E5}.Debug|x64.ActiveCfg = Debug|Any CPU
		{615ABA4B-EF7F-4ED1-AD34-F0F6CF66E9E5}.Debug|x64.Build.0 = Debug|Any CPU
		{615ABA4B-EF7F-4ED1-AD34-F0F6CF66E9E5}.Debug|x86.ActiveCfg = Debug|Any CPU
		{615ABA4B-EF7F-4ED1-AD34-F0F6CF66E9E5}.Debug|x86.Build.0 = Debug|Any CPU
		{615ABA4B-EF7F-4ED1-AD34-F0F6CF66E9E5}.Release|Any CPU.ActiveCfg = Release|Any CPU
		{615ABA4B-EF7F-4ED1-AD34-F0F6CF66E9E5}.Release|Any CPU.Build.0 = Release|Any CPU
		{615ABA4B-EF7F-4ED1-AD34-F0F6CF66E9E5}.Release|x64.ActiveCfg = Release|Any CPU
		{615ABA4B-EF7F-4ED1-AD34-F0F6CF66E9E5}.Release|x64.Build.0 = Release|Any CPU
		{615ABA4B-EF7F-4ED1-AD34-F0F6CF66E9E5}.Release|x86.ActiveCfg = Release|Any CPU
		{615ABA4B-EF7F-4ED1-AD34-F0F6CF66E9E5}.Release|x86.Build.0 = Release|Any CPU
	EndGlobalSection
	GlobalSection(SolutionProperties) = preSolution
		HideSolutionNode = FALSE
	EndGlobalSection
	GlobalSection(ExtensibilityGlobals) = postSolution
		SolutionGuid = {93A00F55-145D-4689-B794-7BBB76F5387D}
	EndGlobalSection
EndGlobal
